// !$*UTF8*$!
{
	archiveVersion = 1;
	classes = {
	};
	objectVersion = 50;
	objects = {

/* Begin PBXBuildFile section */
		6358185B2354D43F00BB0439 /* AppDelegate.swift in Sources */ = {isa = PBXBuildFile; fileRef = 6358185A2354D43F00BB0439 /* AppDelegate.swift */; };
		6358185D2354D43F00BB0439 /* ViewController.swift in Sources */ = {isa = PBXBuildFile; fileRef = 6358185C2354D43F00BB0439 /* ViewController.swift */; };
		635818622354D44000BB0439 /* Assets.xcassets in Resources */ = {isa = PBXBuildFile; fileRef = 635818612354D44000BB0439 /* Assets.xcassets */; };
		635818652354D44000BB0439 /* LaunchScreen.storyboard in Resources */ = {isa = PBXBuildFile; fileRef = 635818632354D44000BB0439 /* LaunchScreen.storyboard */; };
		6358186D2354D47000BB0439 /* RootViewController.swift in Sources */ = {isa = PBXBuildFile; fileRef = 6358186C2354D47000BB0439 /* RootViewController.swift */; };
		637FFF2723573D4B001CCE3C /* NavigationControllerDelegate.swift in Sources */ = {isa = PBXBuildFile; fileRef = 637FFF2623573D4B001CCE3C /* NavigationControllerDelegate.swift */; };
/* End PBXBuildFile section */

/* Begin PBXFileReference section */
		635818572354D43F00BB0439 /* UINavigation lesson.app */ = {isa = PBXFileReference; explicitFileType = wrapper.application; includeInIndex = 0; path = "UINavigation lesson.app"; sourceTree = BUILT_PRODUCTS_DIR; };
		6358185A2354D43F00BB0439 /* AppDelegate.swift */ = {isa = PBXFileReference; lastKnownFileType = sourcecode.swift; path = AppDelegate.swift; sourceTree = "<group>"; };
		6358185C2354D43F00BB0439 /* ViewController.swift */ = {isa = PBXFileReference; lastKnownFileType = sourcecode.swift; path = ViewController.swift; sourceTree = "<group>"; };
		635818612354D44000BB0439 /* Assets.xcassets */ = {isa = PBXFileReference; lastKnownFileType = folder.assetcatalog; path = Assets.xcassets; sourceTree = "<group>"; };
		635818642354D44000BB0439 /* Base */ = {isa = PBXFileReference; lastKnownFileType = file.storyboard; name = Base; path = Base.lproj/LaunchScreen.storyboard; sourceTree = "<group>"; };
		635818662354D44000BB0439 /* Info.plist */ = {isa = PBXFileReference; lastKnownFileType = text.plist.xml; path = Info.plist; sourceTree = "<group>"; };
		6358186C2354D47000BB0439 /* RootViewController.swift */ = {isa = PBXFileReference; lastKnownFileType = sourcecode.swift; path = RootViewController.swift; sourceTree = "<group>"; };
		637FFF2623573D4B001CCE3C /* NavigationControllerDelegate.swift */ = {isa = PBXFileReference; lastKnownFileType = sourcecode.swift; path = NavigationControllerDelegate.swift; sourceTree = "<group>"; };
/* End PBXFileReference section */

/* Begin PBXFrameworksBuildPhase section */
		635818542354D43F00BB0439 /* Frameworks */ = {
			isa = PBXFrameworksBuildPhase;
			buildActionMask = 2147483647;
			files = (
			);
			runOnlyForDeploymentPostprocessing = 0;
		};
/* End PBXFrameworksBuildPhase section */

/* Begin PBXGroup section */
		6358184E2354D43F00BB0439 = {
			isa = PBXGroup;
			children = (
				635818592354D43F00BB0439 /* UINavigation lesson */,
				635818582354D43F00BB0439 /* Products */,
			);
			sourceTree = "<group>";
		};
		635818582354D43F00BB0439 /* Products */ = {
			isa = PBXGroup;
			children = (
				635818572354D43F00BB0439 /* UINavigation lesson.app */,
			);
			name = Products;
			sourceTree = "<group>";
		};
		635818592354D43F00BB0439 /* UINavigation lesson */ = {
			isa = PBXGroup;
			children = (
				6358185A2354D43F00BB0439 /* AppDelegate.swift */,
				6358186C2354D47000BB0439 /* RootViewController.swift */,
				6358185C2354D43F00BB0439 /* ViewController.swift */,
				637FFF2623573D4B001CCE3C /* NavigationControllerDelegate.swift */,
				635818612354D44000BB0439 /* Assets.xcassets */,
				635818632354D44000BB0439 /* LaunchScreen.storyboard */,
				635818662354D44000BB0439 /* Info.plist */,
			);
			path = "UINavigation lesson";
			sourceTree = "<group>";
		};
/* End PBXGroup section */

/* Begin PBXNativeTarget section */
		635818562354D43F00BB0439 /* UINavigation lesson */ = {
			isa = PBXNativeTarget;
			buildConfigurationList = 635818692354D44000BB0439 /* Build configuration list for PBXNativeTarget "UINavigation lesson" */;
			buildPhases = (
				635818532354D43F00BB0439 /* Sources */,
				635818542354D43F00BB0439 /* Frameworks */,
				635818552354D43F00BB0439 /* Resources */,
			);
			buildRules = (
			);
			dependencies = (
			);
			name = "UINavigation lesson";
			productName = "UINavigation lesson";
			productReference = 635818572354D43F00BB0439 /* UINavigation lesson.app */;
			productType = "com.apple.product-type.application";
		};
/* End PBXNativeTarget section */

/* Begin PBXProject section */
		6358184F2354D43F00BB0439 /* Project object */ = {
			isa = PBXProject;
			attributes = {
				LastSwiftUpdateCheck = 1030;
				LastUpgradeCheck = 1030;
				ORGANIZATIONNAME = David;
				TargetAttributes = {
					635818562354D43F00BB0439 = {
						CreatedOnToolsVersion = 10.3;
					};
				};
			};
			buildConfigurationList = 635818522354D43F00BB0439 /* Build configuration list for PBXProject "UINavigation lesson" */;
			compatibilityVersion = "Xcode 9.3";
			developmentRegion = en;
			hasScannedForEncodings = 0;
			knownRegions = (
				en,
				Base,
			);
			mainGroup = 6358184E2354D43F00BB0439;
			productRefGroup = 635818582354D43F00BB0439 /* Products */;
			projectDirPath = "";
			projectRoot = "";
			targets = (
				635818562354D43F00BB0439 /* UINavigation lesson */,
			);
		};
/* End PBXProject section */

/* Begin PBXResourcesBuildPhase section */
		635818552354D43F00BB0439 /* Resources */ = {
			isa = PBXResourcesBuildPhase;
			buildActionMask = 2147483647;
			files = (
				635818652354D44000BB0439 /* LaunchScreen.storyboard in Resources */,
				635818622354D44000BB0439 /* Assets.xcassets in Resources */,
			);
			runOnlyForDeploymentPostprocessing = 0;
		};
/* End PBXResourcesBuildPhase section */

/* Begin PBXSourcesBuildPhase section */
		635818532354D43F00BB0439 /* Sources */ = {
			isa = PBXSourcesBuildPhase;
			buildActionMask = 2147483647;
			files = (
				637FFF2723573D4B001CCE3C /* NavigationControllerDelegate.swift in Sources */,
				6358185D2354D43F00BB0439 /* ViewController.swift in Sources */,
				6358185B2354D43F00BB0439 /* AppDelegate.swift in Sources */,
				6358186D2354D47000BB0439 /* RootViewController.swift in Sources */,
			);
			runOnlyForDeploymentPostprocessing = 0;
		};
/* End PBXSourcesBuildPhase section */

/* Begin PBXVariantGroup section */
		635818632354D44000BB0439 /* LaunchScreen.storyboard */ = {
			isa = PBXVariantGroup;
			children = (
				635818642354D44000BB0439 /* Base */,
			);
			name = LaunchScreen.storyboard;
			sourceTree = "<group>";
		};
/* End PBXVariantGroup section */

/* Begin XCBuildConfiguration section */
		635818672354D44000BB0439 /* Debug */ = {
			isa = XCBuildConfiguration;
			buildSettings = {
				ALWAYS_SEARCH_USER_PATHS = NO;
				CLANG_ANALYZER_NONNULL = YES;
				CLANG_ANALYZER_NUMBER_OBJECT_CONVERSION = YES_AGGRESSIVE;
				CLANG_CXX_LANGUAGE_STANDARD = "gnu++14";
				CLANG_CXX_LIBRARY = "libc++";
				CLANG_ENABLE_MODULES = YES;
				CLANG_ENABLE_OBJC_ARC = YES;
				CLANG_ENABLE_OBJC_WEAK = YES;
				CLANG_WARN_BLOCK_CAPTURE_AUTORELEASING = YES;
				CLANG_WARN_BOOL_CONVERSION = YES;
				CLANG_WARN_COMMA = YES;
				CLANG_WARN_CONSTANT_CONVERSION = YES;
				CLANG_WARN_DEPRECATED_OBJC_IMPLEMENTATIONS = YES;
				CLANG_WARN_DIRECT_OBJC_ISA_USAGE = YES_ERROR;
				CLANG_WARN_DOCUMENTATION_COMMENTS = YES;
				CLANG_WARN_EMPTY_BODY = YES;
				CLANG_WARN_ENUM_CONVERSION = YES;
				CLANG_WARN_INFINITE_RECURSION = YES;
				CLANG_WARN_INT_CONVERSION = YES;
				CLANG_WARN_NON_LITERAL_NULL_CONVERSION = YES;
				CLANG_WARN_OBJC_IMPLICIT_RETAIN_SELF = YES;
				CLANG_WARN_OBJC_LITERAL_CONVERSION = YES;
				CLANG_WARN_OBJC_ROOT_CLASS = YES_ERROR;
				CLANG_WARN_RANGE_LOOP_ANALYSIS = YES;
				CLANG_WARN_STRICT_PROTOTYPES = YES;
				CLANG_WARN_SUSPICIOUS_MOVE = YES;
				CLANG_WARN_UNGUARDED_AVAILABILITY = YES_AGGRESSIVE;
				CLANG_WARN_UNREACHABLE_CODE = YES;
				CLANG_WARN__DUPLICATE_METHOD_MATCH = YES;
				CODE_SIGN_IDENTITY = "iPhone Developer";
				COPY_PHASE_STRIP = NO;
				DEBUG_INFORMATION_FORMAT = dwarf;
				ENABLE_STRICT_OBJC_MSGSEND = YES;
				ENABLE_TESTABILITY = YES;
				GCC_C_LANGUAGE_STANDARD = gnu11;
				GCC_DYNAMIC_NO_PIC = NO;
				GCC_NO_COMMON_BLOCKS = YES;
				GCC_OPTIMIZATION_LEVEL = 0;
				GCC_PREPROCESSOR_DEFINITIONS = (
					"DEBUG=1",
					"$(inherited)",
				);
				GCC_WARN_64_TO_32_BIT_CONVERSION = YES;
				GCC_WARN_ABOUT_RETURN_TYPE = YES_ERROR;
				GCC_WARN_UNDECLARED_SELECTOR = YES;
				GCC_WARN_UNINITIALIZED_AUTOS = YES_AGGRESSIVE;
				GCC_WARN_UNUSED_FUNCTION = YES;
				GCC_WARN_UNUSED_VARIABLE = YES;
				IPHONEOS_DEPLOYMENT_TARGET = 12.4;
				MTL_ENABLE_DEBUG_INFO = INCLUDE_SOURCE;
				MTL_FAST_MATH = YES;
				ONLY_ACTIVE_ARCH = YES;
				SDKROOT = iphoneos;
				SWIFT_ACTIVE_COMPILATION_CONDITIONS = DEBUG;
				SWIFT_OPTIMIZATION_LEVEL = "-Onone";
			};
			name = Debug;
		};
		635818682354D44000BB0439 /* Release */ = {
			isa = XCBuildConfiguration;
			buildSettings = {
				ALWAYS_SEARCH_USER_PATHS = NO;
				CLANG_ANALYZER_NONNULL = YES;
				CLANG_ANALYZER_NUMBER_OBJECT_CONVERSION = YES_AGGRESSIVE;
				CLANG_CXX_LANGUAGE_STANDARD = "gnu++14";
				CLANG_CXX_LIBRARY = "libc++";
				CLANG_ENABLE_MODULES = YES;
				CLANG_ENABLE_OBJC_ARC = YES;
				CLANG_ENABLE_OBJC_WEAK = YES;
				CLANG_WARN_BLOCK_CAPTURE_AUTORELEASING = YES;
				CLANG_WARN_BOOL_CONVERSION = YES;
				CLANG_WARN_COMMA = YES;
				CLANG_WARN_CONSTANT_CONVERSION = YES;
				CLANG_WARN_DEPRECATED_OBJC_IMPLEMENTATIONS = YES;
				CLANG_WARN_DIRECT_OBJC_ISA_USAGE = YES_ERROR;
				CLANG_WARN_DOCUMENTATION_COMMENTS = YES;
				CLANG_WARN_EMPTY_BODY = YES;
				CLANG_WARN_ENUM_CONVERSION = YES;
				CLANG_WARN_INFINITE_RECURSION = YES;
				CLANG_WARN_INT_CONVERSION = YES;
				CLANG_WARN_NON_LITERAL_NULL_CONVERSION = YES;
				CLANG_WARN_OBJC_IMPLICIT_RETAIN_SELF = YES;
				CLANG_WARN_OBJC_LITERAL_CONVERSION = YES;
				CLANG_WARN_OBJC_ROOT_CLASS = YES_ERROR;
				CLANG_WARN_RANGE_LOOP_ANALYSIS = YES;
				CLANG_WARN_STRICT_PROTOTYPES = YES;
				CLANG_WARN_SUSPICIOUS_MOVE = YES;
				CLANG_WARN_UNGUARDED_AVAILABILITY = YES_AGGRESSIVE;
				CLANG_WARN_UNREACHABLE_CODE = YES;
				CLANG_WARN__DUPLICATE_METHOD_MATCH = YES;
				CODE_SIGN_IDENTITY = "iPhone Developer";
				COPY_PHASE_STRIP = NO;
				DEBUG_INFORMATION_FORMAT = "dwarf-with-dsym";
				ENABLE_NS_ASSERTIONS = NO;
				ENABLE_STRICT_OBJC_MSGSEND = YES;
				GCC_C_LANGUAGE_STANDARD = gnu11;
				GCC_NO_COMMON_BLOCKS = YES;
				GCC_WARN_64_TO_32_BIT_CONVERSION = YES;
				GCC_WARN_ABOUT_RETURN_TYPE = YES_ERROR;
				GCC_WARN_UNDECLARED_SELECTOR = YES;
				GCC_WARN_UNINITIALIZED_AUTOS = YES_AGGRESSIVE;
				GCC_WARN_UNUSED_FUNCTION = YES;
				GCC_WARN_UNUSED_VARIABLE = YES;
				IPHONEOS_DEPLOYMENT_TARGET = 12.4;
				MTL_ENABLE_DEBUG_INFO = NO;
				MTL_FAST_MATH = YES;
				SDKROOT = iphoneos;
				SWIFT_COMPILATION_MODE = wholemodule;
				SWIFT_OPTIMIZATION_LEVEL = "-O";
				VALIDATE_PRODUCT = YES;
			};
			name = Release;
		};
		6358186A2354D44000BB0439 /* Debug */ = {
			isa = XCBuildConfiguration;
			buildSettings = {
				ASSETCATALOG_COMPILER_APPICON_NAME = AppIcon;
				CODE_SIGN_STYLE = Automatic;
				DEVELOPMENT_TEAM = HK3JCX6MNH;
				INFOPLIST_FILE = "UINavigation lesson/Info.plist";
				LD_RUNPATH_SEARCH_PATHS = (
					"$(inherited)",
					"@executable_path/Frameworks",
				);
				PRODUCT_BUNDLE_IDENTIFIER = "david.UINavigation-lesson";
				PRODUCT_NAME = "$(TARGET_NAME)";
				SWIFT_VERSION = 5.0;
				TARGETED_DEVICE_FAMILY = "1,2";
			};
			name = Debug;
		};
		6358186B2354D44000BB0439 /* Release */ = {
			isa = XCBuildConfiguration;
			buildSettings = {
				ASSETCATALOG_COMPILER_APPICON_NAME = AppIcon;
				CODE_SIGN_STYLE = Automatic;
				DEVELOPMENT_TEAM = HK3JCX6MNH;
				INFOPLIST_FILE = "UINavigation lesson/Info.plist";
				LD_RUNPATH_SEARCH_PATHS = (
					"$(inherited)",
					"@executable_path/Frameworks",
				);
				PRODUCT_BUNDLE_IDENTIFIER = "david.UINavigation-lesson";
				PRODUCT_NAME = "$(TARGET_NAME)";
				SWIFT_VERSION = 5.0;
				TARGETED_DEVICE_FAMILY = "1,2";
			};
			name = Release;
		};
/* End XCBuildConfiguration section */

/* Begin XCConfigurationList section */
		635818522354D43F00BB0439 /* Build configuration list for PBXProject "UINavigation lesson" */ = {
			isa = XCConfigurationList;
			buildConfigurations = (
				635818672354D44000BB0439 /* Debug */,
				635818682354D44000BB0439 /* Release */,
			);
			defaultConfigurationIsVisible = 0;
			defaultConfigurationName = Release;
		};
		635818692354D44000BB0439 /* Build configuration list for PBXNativeTarget "UINavigation lesson" */ = {
			isa = XCConfigurationList;
			buildConfigurations = (
				6358186A2354D44000BB0439 /* Debug */,
				6358186B2354D44000BB0439 /* Release */,
			);
			defaultConfigurationIsVisible = 0;
			defaultConfigurationName = Release;
		};
/* End XCConfigurationList section */
	};
	rootObject = 6358184F2354D43F00BB0439 /* Project object */;
}
